
Microsoft Visual Studio Solution File, Format Version 12.00
# Visual Studio 15
VisualStudioVersion = 15.0.27703.2042
MinimumVisualStudioVersion = 10.0.40219.1
Project("{FAE04EC0-301F-11D3-BF4B-00C04F79EFBC}") = "SampleASPCore", "SampleASPCore\SampleASPCore.csproj", "{2A10333C-4132-45AE-88A9-1D3AD14284F3}"
EndProject
Global
	GlobalSection(SolutionConfigurationPlatforms) = preSolution
		Debug|Any CPU = Debug|Any CPU
		Release|Any CPU = Release|Any CPU
	EndGlobalSection
	GlobalSection(ProjectConfigurationPlatforms) = postSolution
		{2A10333C-4132-45AE-88A9-1D3AD14284F3}.Debug|Any CPU.ActiveCfg = Debug|Any CPU
		{2A10333C-4132-45AE-88A9-1D3AD14284F3}.Debug|Any CPU.Build.0 = Debug|Any CPU
		{2A10333C-4132-45AE-88A9-1D3AD14284F3}.Release|Any CPU.ActiveCfg = Release|Any CPU
		{2A10333C-4132-45AE-88A9-1D3AD14284F3}.Release|Any CPU.Build.0 = Release|Any CPU
	EndGlobalSection
	GlobalSection(SolutionProperties) = preSolution
		HideSolutionNode = FALSE
	EndGlobalSection
	GlobalSection(ExtensibilityGlobals) = postSolution
		SolutionGuid = {302F87F3-80D2-48AE-B8F8-C48A6DDA9305}
	EndGlobalSection
EndGlobal
